
Microsoft Visual Studio Solution File, Format Version 12.00
# Visual Studio Version 17
VisualStudioVersion = 17.4.33205.214
MinimumVisualStudioVersion = 10.0.40219.1
Project("{FAE04EC0-301F-11D3-BF4B-00C04F79EFBC}") = "AutoService", "AutoService\AutoService.csproj", "{07FF3BCE-E84D-414A-A4F9-4D08D8C834FD}"
EndProject
Global
	GlobalSection(SolutionConfigurationPlatforms) = preSolution
		Debug|Any CPU = Debug|Any CPU
		Release|Any CPU = Release|Any CPU
	EndGlobalSection
	GlobalSection(ProjectConfigurationPlatforms) = postSolution
		{07FF3BCE-E84D-414A-A4F9-4D08D8C834FD}.Debug|Any CPU.ActiveCfg = Debug|Any CPU
		{07FF3BCE-E84D-414A-A4F9-4D08D8C834FD}.Debug|Any CPU.Build.0 = Debug|Any CPU
		{07FF3BCE-E84D-414A-A4F9-4D08D8C834FD}.Release|Any CPU.ActiveCfg = Release|Any CPU
		{07FF3BCE-E84D-414A-A4F9-4D08D8C834FD}.Release|Any CPU.Build.0 = Release|Any CPU
	EndGlobalSection
	GlobalSection(SolutionProperties) = preSolution
		HideSolutionNode = FALSE
	EndGlobalSection
	GlobalSection(ExtensibilityGlobals) = postSolution
		SolutionGuid = {ABA97E10-C85F-43DD-996C-177F95BF9772}
	EndGlobalSection
EndGlobal
